// !$*UTF8*$!
{
	archiveVersion = 1;
	classes = {
	};
	objectVersion = 46;
	objects = {

/* Begin PBXBuildFile section */
		2D98CCED1AEBDD8C006CB981 /* main.m in Sources */ = {isa = PBXBuildFile; fileRef = 2D98CCEC1AEBDD8C006CB981 /* main.m */; };
		2D98CCF01AEBDD8C006CB981 /* AppDelegate.m in Sources */ = {isa = PBXBuildFile; fileRef = 2D98CCEF1AEBDD8C006CB981 /* AppDelegate.m */; };
		2D98CCF31AEBDD8C006CB981 /* casesurfer.xcdatamodeld in Sources */ = {isa = PBXBuildFile; fileRef = 2D98CCF11AEBDD8C006CB981 /* casesurfer.xcdatamodeld */; };
		2D98CCF61AEBDD8C006CB981 /* ViewController.m in Sources */ = {isa = PBXBuildFile; fileRef = 2D98CCF51AEBDD8C006CB981 /* ViewController.m */; };
		2D98CCF91AEBDD8C006CB981 /* Main.storyboard in Resources */ = {isa = PBXBuildFile; fileRef = 2D98CCF71AEBDD8C006CB981 /* Main.storyboard */; };
		2D98CCFB1AEBDD8C006CB981 /* Images.xcassets in Resources */ = {isa = PBXBuildFile; fileRef = 2D98CCFA1AEBDD8C006CB981 /* Images.xcassets */; };
		2D98CCFE1AEBDD8C006CB981 /* LaunchScreen.xib in Resources */ = {isa = PBXBuildFile; fileRef = 2D98CCFC1AEBDD8C006CB981 /* LaunchScreen.xib */; };
		2D98CD0A1AEBDD8C006CB981 /* casesurferTests.m in Sources */ = {isa = PBXBuildFile; fileRef = 2D98CD091AEBDD8C006CB981 /* casesurferTests.m */; };
/* End PBXBuildFile section */

/* Begin PBXContainerItemProxy section */
		2D98CD041AEBDD8C006CB981 /* PBXContainerItemProxy */ = {
			isa = PBXContainerItemProxy;
			containerPortal = 2D98CCDF1AEBDD8C006CB981 /* Project object */;
			proxyType = 1;
			remoteGlobalIDString = 2D98CCE61AEBDD8C006CB981;
			remoteInfo = casesurfer;
		};
/* End PBXContainerItemProxy section */

/* Begin PBXFileReference section */
		2D98CCE71AEBDD8C006CB981 /* casesurfer.app */ = {isa = PBXFileReference; explicitFileType = wrapper.application; includeInIndex = 0; path = casesurfer.app; sourceTree = BUILT_PRODUCTS_DIR; };
		2D98CCEB1AEBDD8C006CB981 /* Info.plist */ = {isa = PBXFileReference; lastKnownFileType = text.plist.xml; path = Info.plist; sourceTree = "<group>"; };
		2D98CCEC1AEBDD8C006CB981 /* main.m */ = {isa = PBXFileReference; lastKnownFileType = sourcecode.c.objc; path = main.m; sourceTree = "<group>"; };
		2D98CCEE1AEBDD8C006CB981 /* AppDelegate.h */ = {isa = PBXFileReference; lastKnownFileType = sourcecode.c.h; path = AppDelegate.h; sourceTree = "<group>"; };
		2D98CCEF1AEBDD8C006CB981 /* AppDelegate.m */ = {isa = PBXFileReference; lastKnownFileType = sourcecode.c.objc; path = AppDelegate.m; sourceTree = "<group>"; };
		2D98CCF21AEBDD8C006CB981 /* casesurfer.xcdatamodel */ = {isa = PBXFileReference; lastKnownFileType = wrapper.xcdatamodel; path = casesurfer.xcdatamodel; sourceTree = "<group>"; };
		2D98CCF41AEBDD8C006CB981 /* ViewController.h */ = {isa = PBXFileReference; lastKnownFileType = sourcecode.c.h; path = ViewController.h; sourceTree = "<group>"; };
		2D98CCF51AEBDD8C006CB981 /* ViewController.m */ = {isa = PBXFileReference; lastKnownFileType = sourcecode.c.objc; path = ViewController.m; sourceTree = "<group>"; };
		2D98CCF81AEBDD8C006CB981 /* Base */ = {isa = PBXFileReference; lastKnownFileType = file.storyboard; name = Base; path = Base.lproj/Main.storyboard; sourceTree = "<group>"; };
		2D98CCFA1AEBDD8C006CB981 /* Images.xcassets */ = {isa = PBXFileReference; lastKnownFileType = folder.assetcatalog; path = Images.xcassets; sourceTree = "<group>"; };
		2D98CCFD1AEBDD8C006CB981 /* Base */ = {isa = PBXFileReference; lastKnownFileType = file.xib; name = Base; path = Base.lproj/LaunchScreen.xib; sourceTree = "<group>"; };
		2D98CD031AEBDD8C006CB981 /* casesurferTests.xctest */ = {isa = PBXFileReference; explicitFileType = wrapper.cfbundle; includeInIndex = 0; path = casesurferTests.xctest; sourceTree = BUILT_PRODUCTS_DIR; };
		2D98CD081AEBDD8C006CB981 /* Info.plist */ = {isa = PBXFileReference; lastKnownFileType = text.plist.xml; path = Info.plist; sourceTree = "<group>"; };
		2D98CD091AEBDD8C006CB981 /* casesurferTests.m */ = {isa = PBXFileReference; lastKnownFileType = sourcecode.c.objc; path = casesurferTests.m; sourceTree = "<group>"; };
/* End PBXFileReference section */

/* Begin PBXFrameworksBuildPhase section */
		2D98CCE41AEBDD8C006CB981 /* Frameworks */ = {
			isa = PBXFrameworksBuildPhase;
			buildActionMask = 2147483647;
			files = (
			);
			runOnlyForDeploymentPostprocessing = 0;
		};
		2D98CD001AEBDD8C006CB981 /* Frameworks */ = {
			isa = PBXFrameworksBuildPhase;
			buildActionMask = 2147483647;
			files = (
			);
			runOnlyForDeploymentPostprocessing = 0;
		};
/* End PBXFrameworksBuildPhase section */

/* Begin PBXGroup section */
		2D98CCDE1AEBDD8C006CB981 = {
			isa = PBXGroup;
			children = (
				2D98CCE91AEBDD8C006CB981 /* casesurfer */,
				2D98CD061AEBDD8C006CB981 /* casesurferTests */,
				2D98CCE81AEBDD8C006CB981 /* Products */,
			);
			sourceTree = "<group>";
		};
		2D98CCE81AEBDD8C006CB981 /* Products */ = {
			isa = PBXGroup;
			children = (
				2D98CCE71AEBDD8C006CB981 /* casesurfer.app */,
				2D98CD031AEBDD8C006CB981 /* casesurferTests.xctest */,
			);
			name = Products;
			sourceTree = "<group>";
		};
		2D98CCE91AEBDD8C006CB981 /* casesurfer */ = {
			isa = PBXGroup;
			children = (
				2D98CCEE1AEBDD8C006CB981 /* AppDelegate.h */,
				2D98CCEF1AEBDD8C006CB981 /* AppDelegate.m */,
				2D98CCF41AEBDD8C006CB981 /* ViewController.h */,
				2D98CCF51AEBDD8C006CB981 /* ViewController.m */,
				2D98CCF71AEBDD8C006CB981 /* Main.storyboard */,
				2D98CCFA1AEBDD8C006CB981 /* Images.xcassets */,
				2D98CCFC1AEBDD8C006CB981 /* LaunchScreen.xib */,
				2D98CCF11AEBDD8C006CB981 /* casesurfer.xcdatamodeld */,
				2D98CCEA1AEBDD8C006CB981 /* Supporting Files */,
			);
			path = casesurfer;
			sourceTree = "<group>";
		};
		2D98CCEA1AEBDD8C006CB981 /* Supporting Files */ = {
			isa = PBXGroup;
			children = (
				2D98CCEB1AEBDD8C006CB981 /* Info.plist */,
				2D98CCEC1AEBDD8C006CB981 /* main.m */,
			);
			name = "Supporting Files";
			sourceTree = "<group>";
		};
		2D98CD061AEBDD8C006CB981 /* casesurferTests */ = {
			isa = PBXGroup;
			children = (
				2D98CD091AEBDD8C006CB981 /* casesurferTests.m */,
				2D98CD071AEBDD8C006CB981 /* Supporting Files */,
			);
			path = casesurferTests;
			sourceTree = "<group>";
		};
		2D98CD071AEBDD8C006CB981 /* Supporting Files */ = {
			isa = PBXGroup;
			children = (
				2D98CD081AEBDD8C006CB981 /* Info.plist */,
			);
			name = "Supporting Files";
			sourceTree = "<group>";
		};
/* End PBXGroup section */

/* Begin PBXNativeTarget section */
		2D98CCE61AEBDD8C006CB981 /* casesurfer */ = {
			isa = PBXNativeTarget;
			buildConfigurationList = 2D98CD0D1AEBDD8C006CB981 /* Build configuration list for PBXNativeTarget "casesurfer" */;
			buildPhases = (
				2D98CCE31AEBDD8C006CB981 /* Sources */,
				2D98CCE41AEBDD8C006CB981 /* Frameworks */,
				2D98CCE51AEBDD8C006CB981 /* Resources */,
			);
			buildRules = (
			);
			dependencies = (
			);
			name = casesurfer;
			productName = casesurfer;
			productReference = 2D98CCE71AEBDD8C006CB981 /* casesurfer.app */;
			productType = "com.apple.product-type.application";
		};
		2D98CD021AEBDD8C006CB981 /* casesurferTests */ = {
			isa = PBXNativeTarget;
			buildConfigurationList = 2D98CD101AEBDD8C006CB981 /* Build configuration list for PBXNativeTarget "casesurferTests" */;
			buildPhases = (
				2D98CCFF1AEBDD8C006CB981 /* Sources */,
				2D98CD001AEBDD8C006CB981 /* Frameworks */,
				2D98CD011AEBDD8C006CB981 /* Resources */,
			);
			buildRules = (
			);
			dependencies = (
				2D98CD051AEBDD8C006CB981 /* PBXTargetDependency */,
			);
			name = casesurferTests;
			productName = casesurferTests;
			productReference = 2D98CD031AEBDD8C006CB981 /* casesurferTests.xctest */;
			productType = "com.apple.product-type.bundle.unit-test";
		};
/* End PBXNativeTarget section */

/* Begin PBXProject section */
		2D98CCDF1AEBDD8C006CB981 /* Project object */ = {
			isa = PBXProject;
			attributes = {
				LastUpgradeCheck = 0630;
				ORGANIZATIONNAME = "Osvaldo Antonio Miranda Silva";
				TargetAttributes = {
					2D98CCE61AEBDD8C006CB981 = {
						CreatedOnToolsVersion = 6.3.1;
					};
					2D98CD021AEBDD8C006CB981 = {
						CreatedOnToolsVersion = 6.3.1;
						TestTargetID = 2D98CCE61AEBDD8C006CB981;
					};
				};
			};
			buildConfigurationList = 2D98CCE21AEBDD8C006CB981 /* Build configuration list for PBXProject "casesurfer" */;
			compatibilityVersion = "Xcode 3.2";
			developmentRegion = English;
			hasScannedForEncodings = 0;
			knownRegions = (
				en,
				Base,
			);
			mainGroup = 2D98CCDE1AEBDD8C006CB981;
			productRefGroup = 2D98CCE81AEBDD8C006CB981 /* Products */;
			projectDirPath = "";
			projectRoot = "";
			targets = (
				2D98CCE61AEBDD8C006CB981 /* casesurfer */,
				2D98CD021AEBDD8C006CB981 /* casesurferTests */,
			);
		};
/* End PBXProject section */

/* Begin PBXResourcesBuildPhase section */
		2D98CCE51AEBDD8C006CB981 /* Resources */ = {
			isa = PBXResourcesBuildPhase;
			buildActionMask = 2147483647;
			files = (
				2D98CCF91AEBDD8C006CB981 /* Main.storyboard in Resources */,
				2D98CCFE1AEBDD8C006CB981 /* LaunchScreen.xib in Resources */,
				2D98CCFB1AEBDD8C006CB981 /* Images.xcassets in Resources */,
			);
			runOnlyForDeploymentPostprocessing = 0;
		};
		2D98CD011AEBDD8C006CB981 /* Resources */ = {
			isa = PBXResourcesBuildPhase;
			buildActionMask = 2147483647;
			files = (
			);
			runOnlyForDeploymentPostprocessing = 0;
		};
/* End PBXResourcesBuildPhase section */

/* Begin PBXSourcesBuildPhase section */
		2D98CCE31AEBDD8C006CB981 /* Sources */ = {
			isa = PBXSourcesBuildPhase;
			buildActionMask = 2147483647;
			files = (
				2D98CCF01AEBDD8C006CB981 /* AppDelegate.m in Sources */,
				2D98CCED1AEBDD8C006CB981 /* main.m in Sources */,
				2D98CCF61AEBDD8C006CB981 /* ViewController.m in Sources */,
				2D98CCF31AEBDD8C006CB981 /* casesurfer.xcdatamodeld in Sources */,
			);
			runOnlyForDeploymentPostprocessing = 0;
		};
		2D98CCFF1AEBDD8C006CB981 /* Sources */ = {
			isa = PBXSourcesBuildPhase;
			buildActionMask = 2147483647;
			files = (
				2D98CD0A1AEBDD8C006CB981 /* casesurferTests.m in Sources */,
			);
			runOnlyForDeploymentPostprocessing = 0;
		};
/* End PBXSourcesBuildPhase section */

/* Begin PBXTargetDependency section */
		2D98CD051AEBDD8C006CB981 /* PBXTargetDependency */ = {
			isa = PBXTargetDependency;
			target = 2D98CCE61AEBDD8C006CB981 /* casesurfer */;
			targetProxy = 2D98CD041AEBDD8C006CB981 /* PBXContainerItemProxy */;
		};
/* End PBXTargetDependency section */

/* Begin PBXVariantGroup section */
		2D98CCF71AEBDD8C006CB981 /* Main.storyboard */ = {
			isa = PBXVariantGroup;
			children = (
				2D98CCF81AEBDD8C006CB981 /* Base */,
			);
			name = Main.storyboard;
			sourceTree = "<group>";
		};
		2D98CCFC1AEBDD8C006CB981 /* LaunchScreen.xib */ = {
			isa = PBXVariantGroup;
			children = (
				2D98CCFD1AEBDD8C006CB981 /* Base */,
			);
			name = LaunchScreen.xib;
			sourceTree = "<group>";
		};
/* End PBXVariantGroup section */

/* Begin XCBuildConfiguration section */
		2D98CD0B1AEBDD8C006CB981 /* Debug */ = {
			isa = XCBuildConfiguration;
			buildSettings = {
				ALWAYS_SEARCH_USER_PATHS = NO;
				CLANG_CXX_LANGUAGE_STANDARD = "gnu++0x";
				CLANG_CXX_LIBRARY = "libc++";
				CLANG_ENABLE_MODULES = YES;
				CLANG_ENABLE_OBJC_ARC = YES;
				CLANG_WARN_BOOL_CONVERSION = YES;
				CLANG_WARN_CONSTANT_CONVERSION = YES;
				CLANG_WARN_DIRECT_OBJC_ISA_USAGE = YES_ERROR;
				CLANG_WARN_EMPTY_BODY = YES;
				CLANG_WARN_ENUM_CONVERSION = YES;
				CLANG_WARN_INT_CONVERSION = YES;
				CLANG_WARN_OBJC_ROOT_CLASS = YES_ERROR;
				CLANG_WARN_UNREACHABLE_CODE = YES;
				CLANG_WARN__DUPLICATE_METHOD_MATCH = YES;
				"CODE_SIGN_IDENTITY[sdk=iphoneos*]" = "iPhone Developer";
				COPY_PHASE_STRIP = NO;
				DEBUG_INFORMATION_FORMAT = "dwarf-with-dsym";
				ENABLE_STRICT_OBJC_MSGSEND = YES;
				GCC_C_LANGUAGE_STANDARD = gnu99;
				GCC_DYNAMIC_NO_PIC = NO;
				GCC_NO_COMMON_BLOCKS = YES;
				GCC_OPTIMIZATION_LEVEL = 0;
				GCC_PREPROCESSOR_DEFINITIONS = (
					"DEBUG=1",
					"$(inherited)",
				);
				GCC_SYMBOLS_PRIVATE_EXTERN = NO;
				GCC_WARN_64_TO_32_BIT_CONVERSION = YES;
				GCC_WARN_ABOUT_RETURN_TYPE = YES_ERROR;
				GCC_WARN_UNDECLARED_SELECTOR = YES;
				GCC_WARN_UNINITIALIZED_AUTOS = YES_AGGRESSIVE;
				GCC_WARN_UNUSED_FUNCTION = YES;
				GCC_WARN_UNUSED_VARIABLE = YES;
				IPHONEOS_DEPLOYMENT_TARGET = 8.3;
				MTL_ENABLE_DEBUG_INFO = YES;
				ONLY_ACTIVE_ARCH = YES;
				SDKROOT = iphoneos;
			};
			name = Debug;
		};
		2D98CD0C1AEBDD8C006CB981 /* Release */ = {
			isa = XCBuildConfiguration;
			buildSettings = {
				ALWAYS_SEARCH_USER_PATHS = NO;
				CLANG_CXX_LANGUAGE_STANDARD = "gnu++0x";
				CLANG_CXX_LIBRARY = "libc++";
				CLANG_ENABLE_MODULES = YES;
				CLANG_ENABLE_OBJC_ARC = YES;
				CLANG_WARN_BOOL_CONVERSION = YES;
				CLANG_WARN_CONSTANT_CONVERSION = YES;
				CLANG_WARN_DIRECT_OBJC_ISA_USAGE = YES_ERROR;
				CLANG_WARN_EMPTY_BODY = YES;
				CLANG_WARN_ENUM_CONVERSION = YES;
				CLANG_WARN_INT_CONVERSION = YES;
				CLANG_WARN_OBJC_ROOT_CLASS = YES_ERROR;
				CLANG_WARN_UNREACHABLE_CODE = YES;
				CLANG_WARN__DUPLICATE_METHOD_MATCH = YES;
				"CODE_SIGN_IDENTITY[sdk=iphoneos*]" = "iPhone Developer";
				COPY_PHASE_STRIP = NO;
				DEBUG_INFORMATION_FORMAT = "dwarf-with-dsym";
				ENABLE_NS_ASSERTIONS = NO;
				ENABLE_STRICT_OBJC_MSGSEND = YES;
				GCC_C_LANGUAGE_STANDARD = gnu99;
				GCC_NO_COMMON_BLOCKS = YES;
				GCC_WARN_64_TO_32_BIT_CONVERSION = YES;
				GCC_WARN_ABOUT_RETURN_TYPE = YES_ERROR;
				GCC_WARN_UNDECLARED_SELECTOR = YES;
				GCC_WARN_UNINITIALIZED_AUTOS = YES_AGGRESSIVE;
				GCC_WARN_UNUSED_FUNCTION = YES;
				GCC_WARN_UNUSED_VARIABLE = YES;
				IPHONEOS_DEPLOYMENT_TARGET = 8.3;
				MTL_ENABLE_DEBUG_INFO = NO;
				SDKROOT = iphoneos;
				VALIDATE_PRODUCT = YES;
			};
			name = Release;
		};
		2D98CD0E1AEBDD8C006CB981 /* Debug */ = {
			isa = XCBuildConfiguration;
			buildSettings = {
				ASSETCATALOG_COMPILER_APPICON_NAME = AppIcon;
				INFOPLIST_FILE = casesurfer/Info.plist;
				LD_RUNPATH_SEARCH_PATHS = "$(inherited) @executable_path/Frameworks";
				PRODUCT_NAME = "$(TARGET_NAME)";
			};
			name = Debug;
		};
		2D98CD0F1AEBDD8C006CB981 /* Release */ = {
			isa = XCBuildConfiguration;
			buildSettings = {
				ASSETCATALOG_COMPILER_APPICON_NAME = AppIcon;
				INFOPLIST_FILE = casesurfer/Info.plist;
				LD_RUNPATH_SEARCH_PATHS = "$(inherited) @executable_path/Frameworks";
				PRODUCT_NAME = "$(TARGET_NAME)";
			};
			name = Release;
		};
		2D98CD111AEBDD8C006CB981 /* Debug */ = {
			isa = XCBuildConfiguration;
			buildSettings = {
				BUNDLE_LOADER = "$(TEST_HOST)";
				FRAMEWORK_SEARCH_PATHS = (
					"$(SDKROOT)/Developer/Library/Frameworks",
					"$(inherited)",
				);
				GCC_PREPROCESSOR_DEFINITIONS = (
					"DEBUG=1",
					"$(inherited)",
				);
				INFOPLIST_FILE = casesurferTests/Info.plist;
				LD_RUNPATH_SEARCH_PATHS = "$(inherited) @executable_path/Frameworks @loader_path/Frameworks";
				PRODUCT_NAME = "$(TARGET_NAME)";
				TEST_HOST = "$(BUILT_PRODUCTS_DIR)/casesurfer.app/casesurfer";
			};
			name = Debug;
		};
		2D98CD121AEBDD8C006CB981 /* Release */ = {
			isa = XCBuildConfiguration;
			buildSettings = {
				BUNDLE_LOADER = "$(TEST_HOST)";
				FRAMEWORK_SEARCH_PATHS = (
					"$(SDKROOT)/Developer/Library/Frameworks",
					"$(inherited)",
				);
				INFOPLIST_FILE = casesurferTests/Info.plist;
				LD_RUNPATH_SEARCH_PATHS = "$(inherited) @executable_path/Frameworks @loader_path/Frameworks";
				PRODUCT_NAME = "$(TARGET_NAME)";
				TEST_HOST = "$(BUILT_PRODUCTS_DIR)/casesurfer.app/casesurfer";
			};
			name = Release;
		};
/* End XCBuildConfiguration section */

/* Begin XCConfigurationList section */
		2D98CCE21AEBDD8C006CB981 /* Build configuration list for PBXProject "casesurfer" */ = {
			isa = XCConfigurationList;
			buildConfigurations = (
				2D98CD0B1AEBDD8C006CB981 /* Debug */,
				2D98CD0C1AEBDD8C006CB981 /* Release */,
			);
			defaultConfigurationIsVisible = 0;
			defaultConfigurationName = Release;
		};
		2D98CD0D1AEBDD8C006CB981 /* Build configuration list for PBXNativeTarget "casesurfer" */ = {
			isa = XCConfigurationList;
			buildConfigurations = (
				2D98CD0E1AEBDD8C006CB981 /* Debug */,
				2D98CD0F1AEBDD8C006CB981 /* Release */,
			);
			defaultConfigurationIsVisible = 0;
		};
		2D98CD101AEBDD8C006CB981 /* Build configuration list for PBXNativeTarget "casesurferTests" */ = {
			isa = XCConfigurationList;
			buildConfigurations = (
				2D98CD111AEBDD8C006CB981 /* Debug */,
				2D98CD121AEBDD8C006CB981 /* Release */,
			);
			defaultConfigurationIsVisible = 0;
		};
/* End XCConfigurationList section */

/* Begin XCVersionGroup section */
		2D98CCF11AEBDD8C006CB981 /* casesurfer.xcdatamodeld */ = {
			isa = XCVersionGroup;
			children = (
				2D98CCF21AEBDD8C006CB981 /* casesurfer.xcdatamodel */,
			);
			currentVersion = 2D98CCF21AEBDD8C006CB981 /* casesurfer.xcdatamodel */;
			path = casesurfer.xcdatamodeld;
			sourceTree = "<group>";
			versionGroupType = wrapper.xcdatamodel;
		};
/* End XCVersionGroup section */
	};
	rootObject = 2D98CCDF1AEBDD8C006CB981 /* Project object */;
}
